
Microsoft Visual Studio Solution File, Format Version 12.00
# Visual Studio Version 17
VisualStudioVersion = 17.0.32014.148
MinimumVisualStudioVersion = 10.0.40219.1
Project("{2150E333-8FDC-42A3-9474-1A3956D46DE8}") = "Solution Items", "Solution Items", "{93968586-B6AA-47D1-BE72-4619F07090F9}"
	ProjectSection(SolutionItems) = preProject
		.dockerignore = .dockerignore
		.editorconfig = .editorconfig
		Directory.Build.props = Directory.Build.props
	EndProjectSection
EndProject
Project("{2150E333-8FDC-42A3-9474-1A3956D46DE8}") = ".circleci", ".circleci", "{53B8CF23-9301-4BB3-96E5-AC9E02175154}"
	ProjectSection(SolutionItems) = preProject
		.circleci\aws_config = .circleci\aws_config
		.circleci\config.yml = .circleci\config.yml
		.circleci\README.md = .circleci\README.md
	EndProjectSection
EndProject
Project("{2150E333-8FDC-42A3-9474-1A3956D46DE8}") = ".githooks", ".githooks", "{6E57612E-FA3B-4889-BD92-2249ABAB2CB6}"
	ProjectSection(SolutionItems) = preProject
		.githooks\pre-commit = .githooks\pre-commit
	EndProjectSection
EndProject
Project("{2150E333-8FDC-42A3-9474-1A3956D46DE8}") = ".github", ".github", "{8E51DB7B-783D-479A-B91C-477817ED9165}"
	ProjectSection(SolutionItems) = preProject
		.github\pull_request_template.md = .github\pull_request_template.md
	EndProjectSection
EndProject
Project("{2150E333-8FDC-42A3-9474-1A3956D46DE8}") = "workflows", "workflows", "{C6E119E3-E67F-4E1C-A3A9-162210D1C0DA}"
	ProjectSection(SolutionItems) = preProject
		.github\workflows\approved-workflow.yml = .github\workflows\approved-workflow.yml
		.github\workflows\release-tagged-workflow.yml = .github\workflows\release-tagged-workflow.yml
		.github\workflows\size-label.yml = .github\workflows\size-label.yml
	EndProjectSection
EndProject
Project("{2150E333-8FDC-42A3-9474-1A3956D46DE8}") = "quality", "quality", "{93FF0C84-6BF7-4217-BE38-64DADF627AC3}"
	ProjectSection(SolutionItems) = preProject
		quality\Analyzers.ruleset = quality\Analyzers.ruleset
		quality\Resharper.DotSettings = quality\Resharper.DotSettings
	EndProjectSection
EndProject
Project("{2150E333-8FDC-42A3-9474-1A3956D46DE8}") = "templates", "templates", "{B7D4144D-E5DC-4704-A2AE-7A2578702901}"
	ProjectSection(SolutionItems) = preProject
		charts\service-bench\templates\externalsecret.yaml = charts\service-bench\templates\externalsecret.yaml
	EndProjectSection
EndProject
Project("{9A19103F-16F7-4668-BE54-9A1E7A4F7556}") = "Service", "src\Service\Service.csproj", "{9DE6D420-581F-4BAE-ADB8-FC2FA6BFE40C}"
EndProject
Project("{2150E333-8FDC-42A3-9474-1A3956D46DE8}") = "tmp", "tmp", "{1C8282DE-1EE8-4112-8729-F7D09D49AF9E}"
EndProject
Project("{9A19103F-16F7-4668-BE54-9A1E7A4F7556}") = "Interfaces", "src\Interfaces\Interfaces.csproj", "{4CD76922-80CC-4DC4-A5F5-B89D018DBA68}"
EndProject
Project("{9A19103F-16F7-4668-BE54-9A1E7A4F7556}") = "UnitTest", "tests\UnitTest\UnitTest.csproj", "{A0FE48B2-F68F-43A9-8779-B54DB6446F16}"
EndProject
Global
	GlobalSection(SolutionConfigurationPlatforms) = preSolution
		Debug|Any CPU = Debug|Any CPU
		Release|Any CPU = Release|Any CPU
	EndGlobalSection
	GlobalSection(ProjectConfigurationPlatforms) = postSolution
		{9DE6D420-581F-4BAE-ADB8-FC2FA6BFE40C}.Debug|Any CPU.ActiveCfg = Debug|Any CPU
		{9DE6D420-581F-4BAE-ADB8-FC2FA6BFE40C}.Debug|Any CPU.Build.0 = Debug|Any CPU
		{9DE6D420-581F-4BAE-ADB8-FC2FA6BFE40C}.Release|Any CPU.ActiveCfg = Release|Any CPU
		{9DE6D420-581F-4BAE-ADB8-FC2FA6BFE40C}.Release|Any CPU.Build.0 = Release|Any CPU
		{4CD76922-80CC-4DC4-A5F5-B89D018DBA68}.Debug|Any CPU.ActiveCfg = Debug|Any CPU
		{4CD76922-80CC-4DC4-A5F5-B89D018DBA68}.Debug|Any CPU.Build.0 = Debug|Any CPU
		{4CD76922-80CC-4DC4-A5F5-B89D018DBA68}.Release|Any CPU.ActiveCfg = Release|Any CPU
		{4CD76922-80CC-4DC4-A5F5-B89D018DBA68}.Release|Any CPU.Build.0 = Release|Any CPU
		{A0FE48B2-F68F-43A9-8779-B54DB6446F16}.Debug|Any CPU.ActiveCfg = Debug|Any CPU
		{A0FE48B2-F68F-43A9-8779-B54DB6446F16}.Debug|Any CPU.Build.0 = Debug|Any CPU
		{A0FE48B2-F68F-43A9-8779-B54DB6446F16}.Release|Any CPU.ActiveCfg = Release|Any CPU
		{A0FE48B2-F68F-43A9-8779-B54DB6446F16}.Release|Any CPU.Build.0 = Release|Any CPU
	EndGlobalSection
	GlobalSection(SolutionProperties) = preSolution
		HideSolutionNode = FALSE
	EndGlobalSection
	GlobalSection(NestedProjects) = preSolution
		{53B8CF23-9301-4BB3-96E5-AC9E02175154} = {93968586-B6AA-47D1-BE72-4619F07090F9}
		{6E57612E-FA3B-4889-BD92-2249ABAB2CB6} = {93968586-B6AA-47D1-BE72-4619F07090F9}
		{8E51DB7B-783D-479A-B91C-477817ED9165} = {93968586-B6AA-47D1-BE72-4619F07090F9}
		{C6E119E3-E67F-4E1C-A3A9-162210D1C0DA} = {8E51DB7B-783D-479A-B91C-477817ED9165}
		{93FF0C84-6BF7-4217-BE38-64DADF627AC3} = {93968586-B6AA-47D1-BE72-4619F07090F9}
		{B7D4144D-E5DC-4704-A2AE-7A2578702901} = {3C8D2206-6047-4B1C-926C-45C8B9343C5F}
	EndGlobalSection
	GlobalSection(ExtensibilityGlobals) = postSolution
		SolutionGuid = {F8DFD80E-58FB-487A-8522-0E810CCDDAFB}
	EndGlobalSection
EndGlobal
